
Microsoft Visual Studio Solution File, Format Version 12.00
# Visual Studio 2017
Project("{FAE04EC0-301F-11D3-BF4B-00C04F79EFBC}") = "dn-mvc-loc", "dn-mvc-loc.csproj", "{4D2FE5A2-9F18-4820-B6BD-2951168BA340}"
EndProject
Global
	GlobalSection(SolutionConfigurationPlatforms) = preSolution
		Debug|Any CPU = Debug|Any CPU
		Release|Any CPU = Release|Any CPU
	EndGlobalSection
	GlobalSection(ProjectConfigurationPlatforms) = postSolution
		{4D2FE5A2-9F18-4820-B6BD-2951168BA340}.Debug|Any CPU.ActiveCfg = Debug|Any CPU
		{4D2FE5A2-9F18-4820-B6BD-2951168BA340}.Debug|Any CPU.Build.0 = Debug|Any CPU
		{4D2FE5A2-9F18-4820-B6BD-2951168BA340}.Release|Any CPU.ActiveCfg = Release|Any CPU
		{4D2FE5A2-9F18-4820-B6BD-2951168BA340}.Release|Any CPU.Build.0 = Release|Any CPU
	EndGlobalSection
EndGlobal
